
Microsoft Visual Studio Solution File, Format Version 12.00
# Visual Studio Version 17
VisualStudioVersion = 17.10.34928.147
MinimumVisualStudioVersion = 10.0.40219.1
Project("{FAE04EC0-301F-11D3-BF4B-00C04F79EFBC}") = "Project3", "Project3\Project3.csproj", "{91DAF64B-F55A-45C0-9284-B16B349533F8}"
EndProject
Global
	GlobalSection(SolutionConfigurationPlatforms) = preSolution
		Debug|Any CPU = Debug|Any CPU
		Release|Any CPU = Release|Any CPU
	EndGlobalSection
	GlobalSection(ProjectConfigurationPlatforms) = postSolution
		{91DAF64B-F55A-45C0-9284-B16B349533F8}.Debug|Any CPU.ActiveCfg = Debug|Any CPU
		{91DAF64B-F55A-45C0-9284-B16B349533F8}.Debug|Any CPU.Build.0 = Debug|Any CPU
		{91DAF64B-F55A-45C0-9284-B16B349533F8}.Release|Any CPU.ActiveCfg = Release|Any CPU
		{91DAF64B-F55A-45C0-9284-B16B349533F8}.Release|Any CPU.Build.0 = Release|Any CPU
	EndGlobalSection
	GlobalSection(SolutionProperties) = preSolution
		HideSolutionNode = FALSE
	EndGlobalSection
	GlobalSection(ExtensibilityGlobals) = postSolution
		SolutionGuid = {3F5ECB4F-3119-401D-9C16-32457E2E1AC2}
	EndGlobalSection
EndGlobal
